
Microsoft Visual Studio Solution File, Format Version 11.00
# Visual Studio 2010
Project("{FAE04EC0-301F-11D3-BF4B-00C04F79EFBC}") = "Assembly-CSharp", "Assembly-CSharp.csproj", "{3cd46832-ca19-e28c-b9cf-93820bffb385}"
EndProject
Project("{FAE04EC0-301F-11D3-BF4B-00C04F79EFBC}") = "WanzyeeStudio.Runtime", "WanzyeeStudio.Runtime.csproj", "{166a5746-2410-fc0b-751e-5fd5f48b845b}"
EndProject
Global
	GlobalSection(SolutionConfigurationPlatforms) = preSolution
		Debug|Any CPU = Debug|Any CPU
	EndGlobalSection
	GlobalSection(ProjectConfigurationPlatforms) = postSolution
		{3cd46832-ca19-e28c-b9cf-93820bffb385}.Debug|Any CPU.ActiveCfg = Debug|Any CPU
		{3cd46832-ca19-e28c-b9cf-93820bffb385}.Debug|Any CPU.Build.0 = Debug|Any CPU
		{166a5746-2410-fc0b-751e-5fd5f48b845b}.Debug|Any CPU.ActiveCfg = Debug|Any CPU
		{166a5746-2410-fc0b-751e-5fd5f48b845b}.Debug|Any CPU.Build.0 = Debug|Any CPU
	EndGlobalSection
	GlobalSection(SolutionProperties) = preSolution
		HideSolutionNode = FALSE
	EndGlobalSection
EndGlobal
