
Microsoft Visual Studio Solution File, Format Version 12.00
# Visual Studio 15
Project("{FAE04EC0-301F-11D3-BF4B-00C04F79EFBC}") = "Assembly-CSharp", "Assembly-CSharp.csproj", "{3268D43C-19CA-8CE2-B9CF-93820BFFB385}"
EndProject
Project("{FAE04EC0-301F-11D3-BF4B-00C04F79EFBC}") = "WanzyeeStudio.Runtime", "WanzyeeStudio.Runtime.csproj", "{46576A16-1024-0BFC-751E-5FD5F48B845B}"
EndProject
Global
	GlobalSection(SolutionConfigurationPlatforms) = preSolution
		Debug|Any CPU = Debug|Any CPU
		Release|Any CPU = Release|Any CPU
	EndGlobalSection
	GlobalSection(ProjectConfigurationPlatforms) = postSolution
		{3268D43C-19CA-8CE2-B9CF-93820BFFB385}.Debug|Any CPU.ActiveCfg = Debug|Any CPU
		{3268D43C-19CA-8CE2-B9CF-93820BFFB385}.Debug|Any CPU.Build.0 = Debug|Any CPU
		{3268D43C-19CA-8CE2-B9CF-93820BFFB385}.Release|Any CPU.ActiveCfg = Release|Any CPU
		{3268D43C-19CA-8CE2-B9CF-93820BFFB385}.Release|Any CPU.Build.0 = Release|Any CPU
		{46576A16-1024-0BFC-751E-5FD5F48B845B}.Debug|Any CPU.ActiveCfg = Debug|Any CPU
		{46576A16-1024-0BFC-751E-5FD5F48B845B}.Debug|Any CPU.Build.0 = Debug|Any CPU
		{46576A16-1024-0BFC-751E-5FD5F48B845B}.Release|Any CPU.ActiveCfg = Release|Any CPU
		{46576A16-1024-0BFC-751E-5FD5F48B845B}.Release|Any CPU.Build.0 = Release|Any CPU
	EndGlobalSection
	GlobalSection(SolutionProperties) = preSolution
		HideSolutionNode = FALSE
	EndGlobalSection
EndGlobal
